
Microsoft Visual Studio Solution File, Format Version 12.00
# Visual Studio 14
VisualStudioVersion = 14.0.25420.1
MinimumVisualStudioVersion = 10.0.40219.1
Project("{FAE04EC0-301F-11D3-BF4B-00C04F79EFBC}") = "Lection8_value_ref", "Lection8_1_ref_value_types\Lection8_value_ref.csproj", "{D774EC39-5A4C-49F6-84D1-41C289C08681}"
EndProject
Project("{FAE04EC0-301F-11D3-BF4B-00C04F79EFBC}") = "Lection8_CarsBuilder", "Lection8_2_CarsBuilder\Lection8_CarsBuilder.csproj", "{9A93A767-7AED-4F73-BCE1-606291F0D4AB}"
EndProject
Global
	GlobalSection(SolutionConfigurationPlatforms) = preSolution
		Debug|Any CPU = Debug|Any CPU
		Release|Any CPU = Release|Any CPU
	EndGlobalSection
	GlobalSection(ProjectConfigurationPlatforms) = postSolution
		{D774EC39-5A4C-49F6-84D1-41C289C08681}.Debug|Any CPU.ActiveCfg = Debug|Any CPU
		{D774EC39-5A4C-49F6-84D1-41C289C08681}.Debug|Any CPU.Build.0 = Debug|Any CPU
		{D774EC39-5A4C-49F6-84D1-41C289C08681}.Release|Any CPU.ActiveCfg = Release|Any CPU
		{D774EC39-5A4C-49F6-84D1-41C289C08681}.Release|Any CPU.Build.0 = Release|Any CPU
		{9A93A767-7AED-4F73-BCE1-606291F0D4AB}.Debug|Any CPU.ActiveCfg = Debug|Any CPU
		{9A93A767-7AED-4F73-BCE1-606291F0D4AB}.Debug|Any CPU.Build.0 = Debug|Any CPU
		{9A93A767-7AED-4F73-BCE1-606291F0D4AB}.Release|Any CPU.ActiveCfg = Release|Any CPU
		{9A93A767-7AED-4F73-BCE1-606291F0D4AB}.Release|Any CPU.Build.0 = Release|Any CPU
	EndGlobalSection
	GlobalSection(SolutionProperties) = preSolution
		HideSolutionNode = FALSE
	EndGlobalSection
	GlobalSection(ExtensibilityGlobals) = postSolution
		SolutionGuid = {A5447C37-7DC4-4ED3-B006-B7B3E304A028}
	EndGlobalSection
EndGlobal
