
Microsoft Visual Studio Solution File, Format Version 12.00
# Visual Studio 14
VisualStudioVersion = 14.0.25420.1
MinimumVisualStudioVersion = 10.0.40219.1
Project("{FAE04EC0-301F-11D3-BF4B-00C04F79EFBC}") = "Lection_26_subStringChanger", "Lection_26_subStringChanger.csproj", "{80FD63A5-F55F-4ED3-A8F7-CE477DFF34E2}"
EndProject
Global
	GlobalSection(SolutionConfigurationPlatforms) = preSolution
		Debug|Any CPU = Debug|Any CPU
		Release|Any CPU = Release|Any CPU
	EndGlobalSection
	GlobalSection(ProjectConfigurationPlatforms) = postSolution
		{80FD63A5-F55F-4ED3-A8F7-CE477DFF34E2}.Debug|Any CPU.ActiveCfg = Debug|Any CPU
		{80FD63A5-F55F-4ED3-A8F7-CE477DFF34E2}.Debug|Any CPU.Build.0 = Debug|Any CPU
		{80FD63A5-F55F-4ED3-A8F7-CE477DFF34E2}.Release|Any CPU.ActiveCfg = Release|Any CPU
		{80FD63A5-F55F-4ED3-A8F7-CE477DFF34E2}.Release|Any CPU.Build.0 = Release|Any CPU
	EndGlobalSection
	GlobalSection(SolutionProperties) = preSolution
		HideSolutionNode = FALSE
	EndGlobalSection
EndGlobal
