
Microsoft Visual Studio Solution File, Format Version 12.00
# Visual Studio 15
VisualStudioVersion = 15.0.27004.2005
MinimumVisualStudioVersion = 10.0.40219.1
Project("{FAE04EC0-301F-11D3-BF4B-00C04F79EFBC}") = "AzureSql_Chernytsyn", "AzureSql_Chernytsyn\AzureSql_Chernytsyn.csproj", "{D969A1A1-2E91-4F9F-8170-AE194E925A61}"
EndProject
Project("{00D1A9C2-B5F0-4AF3-8072-F6C62B433612}") = "InternshipDB", "InternshipDB\InternshipDB\InternshipDB.sqlproj", "{44D7A160-DD56-4EDC-A8F3-05436DE60684}"
EndProject
Global
	GlobalSection(SolutionConfigurationPlatforms) = preSolution
		Debug|Any CPU = Debug|Any CPU
		Release|Any CPU = Release|Any CPU
	EndGlobalSection
	GlobalSection(ProjectConfigurationPlatforms) = postSolution
		{D969A1A1-2E91-4F9F-8170-AE194E925A61}.Debug|Any CPU.ActiveCfg = Debug|Any CPU
		{D969A1A1-2E91-4F9F-8170-AE194E925A61}.Debug|Any CPU.Build.0 = Debug|Any CPU
		{D969A1A1-2E91-4F9F-8170-AE194E925A61}.Release|Any CPU.ActiveCfg = Release|Any CPU
		{D969A1A1-2E91-4F9F-8170-AE194E925A61}.Release|Any CPU.Build.0 = Release|Any CPU
		{44D7A160-DD56-4EDC-A8F3-05436DE60684}.Debug|Any CPU.ActiveCfg = Debug|Any CPU
		{44D7A160-DD56-4EDC-A8F3-05436DE60684}.Debug|Any CPU.Build.0 = Debug|Any CPU
		{44D7A160-DD56-4EDC-A8F3-05436DE60684}.Debug|Any CPU.Deploy.0 = Debug|Any CPU
		{44D7A160-DD56-4EDC-A8F3-05436DE60684}.Release|Any CPU.ActiveCfg = Release|Any CPU
		{44D7A160-DD56-4EDC-A8F3-05436DE60684}.Release|Any CPU.Build.0 = Release|Any CPU
		{44D7A160-DD56-4EDC-A8F3-05436DE60684}.Release|Any CPU.Deploy.0 = Release|Any CPU
	EndGlobalSection
	GlobalSection(SolutionProperties) = preSolution
		HideSolutionNode = FALSE
	EndGlobalSection
	GlobalSection(ExtensibilityGlobals) = postSolution
		SolutionGuid = {59944E50-80CE-40F8-A2B1-B4B57B4C1530}
	EndGlobalSection
EndGlobal
