
Microsoft Visual Studio Solution File, Format Version 12.00
# Visual Studio 14
VisualStudioVersion = 14.0.25420.1
MinimumVisualStudioVersion = 10.0.40219.1
Project("{FAE04EC0-301F-11D3-BF4B-00C04F79EFBC}") = "Lection_20_library", "Lection_20_library.csproj", "{7FF73114-2645-4310-922F-02F01EF27EBD}"
EndProject
Project("{FAE04EC0-301F-11D3-BF4B-00C04F79EFBC}") = "Lection_20_library_protobuf", "..\Lection_20_library_for_serialize_protobuf\Lection_20_library_protobuf.csproj", "{D35EB49A-05D6-4D3F-BBFB-46E0C0068EC8}"
EndProject
Global
	GlobalSection(SolutionConfigurationPlatforms) = preSolution
		Debug|Any CPU = Debug|Any CPU
		Release|Any CPU = Release|Any CPU
	EndGlobalSection
	GlobalSection(ProjectConfigurationPlatforms) = postSolution
		{7FF73114-2645-4310-922F-02F01EF27EBD}.Debug|Any CPU.ActiveCfg = Debug|Any CPU
		{7FF73114-2645-4310-922F-02F01EF27EBD}.Debug|Any CPU.Build.0 = Debug|Any CPU
		{7FF73114-2645-4310-922F-02F01EF27EBD}.Release|Any CPU.ActiveCfg = Release|Any CPU
		{7FF73114-2645-4310-922F-02F01EF27EBD}.Release|Any CPU.Build.0 = Release|Any CPU
		{D35EB49A-05D6-4D3F-BBFB-46E0C0068EC8}.Debug|Any CPU.ActiveCfg = Debug|Any CPU
		{D35EB49A-05D6-4D3F-BBFB-46E0C0068EC8}.Debug|Any CPU.Build.0 = Debug|Any CPU
		{D35EB49A-05D6-4D3F-BBFB-46E0C0068EC8}.Release|Any CPU.ActiveCfg = Release|Any CPU
		{D35EB49A-05D6-4D3F-BBFB-46E0C0068EC8}.Release|Any CPU.Build.0 = Release|Any CPU
	EndGlobalSection
	GlobalSection(SolutionProperties) = preSolution
		HideSolutionNode = FALSE
	EndGlobalSection
EndGlobal
